
Microsoft Visual Studio Solution File, Format Version 12.00
# Visual Studio Version 17
VisualStudioVersion = 17.3.32901.215
MinimumVisualStudioVersion = 10.0.40219.1
Project("{FAE04EC0-301F-11D3-BF4B-00C04F79EFBC}") = "ConsoleApp1", "ConsoleApp1\ConsoleApp1.csproj", "{F1F9A30F-EB55-4AE3-94A0-BD9C880E02BB}"
EndProject
Project("{9A19103F-16F7-4668-BE54-9A1E7A4F7556}") = "TestProject1", "TestProject1\TestProject1.csproj", "{A54A70A6-AC8A-466B-A8BE-9E46A4FDEFED}"
EndProject
Project("{FAE04EC0-301F-11D3-BF4B-00C04F79EFBC}") = "ReferenceAndValueTypes", "ReferenceAndValueTypes\ReferenceAndValueTypes.csproj", "{4DCCA539-23E5-4571-9A5B-31DF9F814E7C}"
EndProject
Project("{FAE04EC0-301F-11D3-BF4B-00C04F79EFBC}") = "InheritanceExample", "InheritanceExample\InheritanceExample.csproj", "{1784AF4D-340B-4A7A-8093-B289FAF4104F}"
EndProject
Project("{FAE04EC0-301F-11D3-BF4B-00C04F79EFBC}") = "InterfaceExample", "InterfaceExample\InterfaceExample.csproj", "{3D48B26B-83D3-4675-BD78-E70A1FAED53E}"
EndProject
Project("{FAE04EC0-301F-11D3-BF4B-00C04F79EFBC}") = "EventExample", "EventExample\EventExample.csproj", "{5A9BA1A8-F19C-478F-87A4-F490ADE2136A}"
EndProject
Project("{FAE04EC0-301F-11D3-BF4B-00C04F79EFBC}") = "ParametersTypes", "Parametersypes\ParametersTypes.csproj", "{A09C7FC9-10E6-450B-8151-EA4B504E74AC}"
EndProject
Project("{FAE04EC0-301F-11D3-BF4B-00C04F79EFBC}") = "NullableType", "NullableType\NullableType.csproj", "{EA6464E4-3A8B-4D5F-8552-7DEE9E1BF8E3}"
EndProject
Project("{FAE04EC0-301F-11D3-BF4B-00C04F79EFBC}") = "Interfaces in C sharp", "Interfaces in C sharp\Interfaces in C sharp.csproj", "{D7F124D3-89BD-4449-93EE-12E2B2608C6E}"
EndProject
Project("{FAE04EC0-301F-11D3-BF4B-00C04F79EFBC}") = "Collections", "Collections\Collections.csproj", "{941F6B5F-A6D8-4112-9700-0FF0BF0AB54B}"
EndProject
Project("{FAE04EC0-301F-11D3-BF4B-00C04F79EFBC}") = "ExtensionMethods", "ExtensionMethods\ExtensionMethods.csproj", "{FBEF7D71-14C2-4C4A-8671-76CBED14055D}"
EndProject
Global
	GlobalSection(SolutionConfigurationPlatforms) = preSolution
		Debug|Any CPU = Debug|Any CPU
		Release|Any CPU = Release|Any CPU
	EndGlobalSection
	GlobalSection(ProjectConfigurationPlatforms) = postSolution
		{F1F9A30F-EB55-4AE3-94A0-BD9C880E02BB}.Debug|Any CPU.ActiveCfg = Debug|Any CPU
		{F1F9A30F-EB55-4AE3-94A0-BD9C880E02BB}.Debug|Any CPU.Build.0 = Debug|Any CPU
		{F1F9A30F-EB55-4AE3-94A0-BD9C880E02BB}.Release|Any CPU.ActiveCfg = Release|Any CPU
		{F1F9A30F-EB55-4AE3-94A0-BD9C880E02BB}.Release|Any CPU.Build.0 = Release|Any CPU
		{A54A70A6-AC8A-466B-A8BE-9E46A4FDEFED}.Debug|Any CPU.ActiveCfg = Debug|Any CPU
		{A54A70A6-AC8A-466B-A8BE-9E46A4FDEFED}.Debug|Any CPU.Build.0 = Debug|Any CPU
		{A54A70A6-AC8A-466B-A8BE-9E46A4FDEFED}.Release|Any CPU.ActiveCfg = Release|Any CPU
		{A54A70A6-AC8A-466B-A8BE-9E46A4FDEFED}.Release|Any CPU.Build.0 = Release|Any CPU
		{4DCCA539-23E5-4571-9A5B-31DF9F814E7C}.Debug|Any CPU.ActiveCfg = Debug|Any CPU
		{4DCCA539-23E5-4571-9A5B-31DF9F814E7C}.Debug|Any CPU.Build.0 = Debug|Any CPU
		{4DCCA539-23E5-4571-9A5B-31DF9F814E7C}.Release|Any CPU.ActiveCfg = Release|Any CPU
		{4DCCA539-23E5-4571-9A5B-31DF9F814E7C}.Release|Any CPU.Build.0 = Release|Any CPU
		{1784AF4D-340B-4A7A-8093-B289FAF4104F}.Debug|Any CPU.ActiveCfg = Debug|Any CPU
		{1784AF4D-340B-4A7A-8093-B289FAF4104F}.Debug|Any CPU.Build.0 = Debug|Any CPU
		{1784AF4D-340B-4A7A-8093-B289FAF4104F}.Release|Any CPU.ActiveCfg = Release|Any CPU
		{1784AF4D-340B-4A7A-8093-B289FAF4104F}.Release|Any CPU.Build.0 = Release|Any CPU
		{3D48B26B-83D3-4675-BD78-E70A1FAED53E}.Debug|Any CPU.ActiveCfg = Debug|Any CPU
		{3D48B26B-83D3-4675-BD78-E70A1FAED53E}.Debug|Any CPU.Build.0 = Debug|Any CPU
		{3D48B26B-83D3-4675-BD78-E70A1FAED53E}.Release|Any CPU.ActiveCfg = Release|Any CPU
		{3D48B26B-83D3-4675-BD78-E70A1FAED53E}.Release|Any CPU.Build.0 = Release|Any CPU
		{5A9BA1A8-F19C-478F-87A4-F490ADE2136A}.Debug|Any CPU.ActiveCfg = Debug|Any CPU
		{5A9BA1A8-F19C-478F-87A4-F490ADE2136A}.Debug|Any CPU.Build.0 = Debug|Any CPU
		{5A9BA1A8-F19C-478F-87A4-F490ADE2136A}.Release|Any CPU.ActiveCfg = Release|Any CPU
		{5A9BA1A8-F19C-478F-87A4-F490ADE2136A}.Release|Any CPU.Build.0 = Release|Any CPU
		{A09C7FC9-10E6-450B-8151-EA4B504E74AC}.Debug|Any CPU.ActiveCfg = Debug|Any CPU
		{A09C7FC9-10E6-450B-8151-EA4B504E74AC}.Debug|Any CPU.Build.0 = Debug|Any CPU
		{A09C7FC9-10E6-450B-8151-EA4B504E74AC}.Release|Any CPU.ActiveCfg = Release|Any CPU
		{A09C7FC9-10E6-450B-8151-EA4B504E74AC}.Release|Any CPU.Build.0 = Release|Any CPU
		{EA6464E4-3A8B-4D5F-8552-7DEE9E1BF8E3}.Debug|Any CPU.ActiveCfg = Debug|Any CPU
		{EA6464E4-3A8B-4D5F-8552-7DEE9E1BF8E3}.Debug|Any CPU.Build.0 = Debug|Any CPU
		{EA6464E4-3A8B-4D5F-8552-7DEE9E1BF8E3}.Release|Any CPU.ActiveCfg = Release|Any CPU
		{EA6464E4-3A8B-4D5F-8552-7DEE9E1BF8E3}.Release|Any CPU.Build.0 = Release|Any CPU
		{D7F124D3-89BD-4449-93EE-12E2B2608C6E}.Debug|Any CPU.ActiveCfg = Debug|Any CPU
		{D7F124D3-89BD-4449-93EE-12E2B2608C6E}.Debug|Any CPU.Build.0 = Debug|Any CPU
		{D7F124D3-89BD-4449-93EE-12E2B2608C6E}.Release|Any CPU.ActiveCfg = Release|Any CPU
		{D7F124D3-89BD-4449-93EE-12E2B2608C6E}.Release|Any CPU.Build.0 = Release|Any CPU
		{941F6B5F-A6D8-4112-9700-0FF0BF0AB54B}.Debug|Any CPU.ActiveCfg = Debug|Any CPU
		{941F6B5F-A6D8-4112-9700-0FF0BF0AB54B}.Debug|Any CPU.Build.0 = Debug|Any CPU
		{941F6B5F-A6D8-4112-9700-0FF0BF0AB54B}.Release|Any CPU.ActiveCfg = Release|Any CPU
		{941F6B5F-A6D8-4112-9700-0FF0BF0AB54B}.Release|Any CPU.Build.0 = Release|Any CPU
		{FBEF7D71-14C2-4C4A-8671-76CBED14055D}.Debug|Any CPU.ActiveCfg = Debug|Any CPU
		{FBEF7D71-14C2-4C4A-8671-76CBED14055D}.Debug|Any CPU.Build.0 = Debug|Any CPU
		{FBEF7D71-14C2-4C4A-8671-76CBED14055D}.Release|Any CPU.ActiveCfg = Release|Any CPU
		{FBEF7D71-14C2-4C4A-8671-76CBED14055D}.Release|Any CPU.Build.0 = Release|Any CPU
	EndGlobalSection
	GlobalSection(SolutionProperties) = preSolution
		HideSolutionNode = FALSE
	EndGlobalSection
	GlobalSection(ExtensibilityGlobals) = postSolution
		SolutionGuid = {39147DDB-EC76-45BF-A5A2-D898A3B190E7}
	EndGlobalSection
EndGlobal
